// !$*UTF8*$!
{
	archiveVersion = 1;
	classes = {
	};
	objectVersion = 55;
	objects = {

/* Begin PBXBuildFile section */
		477067DF28C91DC0007AEF4A /* Location.swift in Sources */ = {isa = PBXBuildFile; fileRef = 477067DE28C91DC0007AEF4A /* Location.swift */; };
		477067E128C91E1A007AEF4A /* Locations.swift in Sources */ = {isa = PBXBuildFile; fileRef = 477067E028C91E1A007AEF4A /* Locations.swift */; };
		477067E328C92EBA007AEF4A /* WorldView.swift in Sources */ = {isa = PBXBuildFile; fileRef = 477067E228C92EBA007AEF4A /* WorldView.swift */; };
		477067E528C934DE007AEF4A /* Tip.swift in Sources */ = {isa = PBXBuildFile; fileRef = 477067E428C934DE007AEF4A /* Tip.swift */; };
		477067E728C93571007AEF4A /* TipsView.swift in Sources */ = {isa = PBXBuildFile; fileRef = 477067E628C93571007AEF4A /* TipsView.swift */; };
		47C0B78128C90FF6001768AE /* TrackingAppSwiftApp.swift in Sources */ = {isa = PBXBuildFile; fileRef = 47C0B78028C90FF6001768AE /* TrackingAppSwiftApp.swift */; };
		47C0B78328C90FF6001768AE /* ContentView.swift in Sources */ = {isa = PBXBuildFile; fileRef = 47C0B78228C90FF6001768AE /* ContentView.swift */; };
		47C0B78528C90FFB001768AE /* Assets.xcassets in Resources */ = {isa = PBXBuildFile; fileRef = 47C0B78428C90FFB001768AE /* Assets.xcassets */; };
		47C0B78828C90FFB001768AE /* Preview Assets.xcassets in Resources */ = {isa = PBXBuildFile; fileRef = 47C0B78728C90FFB001768AE /* Preview Assets.xcassets */; };
		47C0B79028C9152C001768AE /* tips.json in Resources */ = {isa = PBXBuildFile; fileRef = 47C0B78E28C9152B001768AE /* tips.json */; };
		47C0B79128C9152C001768AE /* locations.json in Resources */ = {isa = PBXBuildFile; fileRef = 47C0B78F28C9152C001768AE /* locations.json */; };
/* End PBXBuildFile section */

/* Begin PBXFileReference section */
		477067DE28C91DC0007AEF4A /* Location.swift */ = {isa = PBXFileReference; lastKnownFileType = sourcecode.swift; path = Location.swift; sourceTree = "<group>"; };
		477067E028C91E1A007AEF4A /* Locations.swift */ = {isa = PBXFileReference; lastKnownFileType = sourcecode.swift; path = Locations.swift; sourceTree = "<group>"; };
		477067E228C92EBA007AEF4A /* WorldView.swift */ = {isa = PBXFileReference; lastKnownFileType = sourcecode.swift; path = WorldView.swift; sourceTree = "<group>"; };
		477067E428C934DE007AEF4A /* Tip.swift */ = {isa = PBXFileReference; lastKnownFileType = sourcecode.swift; path = Tip.swift; sourceTree = "<group>"; };
		477067E628C93571007AEF4A /* TipsView.swift */ = {isa = PBXFileReference; lastKnownFileType = sourcecode.swift; path = TipsView.swift; sourceTree = "<group>"; };
		47C0B77D28C90FF6001768AE /* TrackingAppSwift.app */ = {isa = PBXFileReference; explicitFileType = wrapper.application; includeInIndex = 0; path = TrackingAppSwift.app; sourceTree = BUILT_PRODUCTS_DIR; };
		47C0B78028C90FF6001768AE /* TrackingAppSwiftApp.swift */ = {isa = PBXFileReference; lastKnownFileType = sourcecode.swift; path = TrackingAppSwiftApp.swift; sourceTree = "<group>"; };
		47C0B78228C90FF6001768AE /* ContentView.swift */ = {isa = PBXFileReference; lastKnownFileType = sourcecode.swift; path = ContentView.swift; sourceTree = "<group>"; };
		47C0B78428C90FFB001768AE /* Assets.xcassets */ = {isa = PBXFileReference; lastKnownFileType = folder.assetcatalog; path = Assets.xcassets; sourceTree = "<group>"; };
		47C0B78728C90FFB001768AE /* Preview Assets.xcassets */ = {isa = PBXFileReference; lastKnownFileType = folder.assetcatalog; path = "Preview Assets.xcassets"; sourceTree = "<group>"; };
		47C0B78E28C9152B001768AE /* tips.json */ = {isa = PBXFileReference; fileEncoding = 4; lastKnownFileType = text.json; path = tips.json; sourceTree = "<group>"; };
		47C0B78F28C9152C001768AE /* locations.json */ = {isa = PBXFileReference; fileEncoding = 4; lastKnownFileType = text.json; path = locations.json; sourceTree = "<group>"; };
/* End PBXFileReference section */

/* Begin PBXFrameworksBuildPhase section */
		47C0B77A28C90FF6001768AE /* Frameworks */ = {
			isa = PBXFrameworksBuildPhase;
			buildActionMask = 2147483647;
			files = (
			);
			runOnlyForDeploymentPostprocessing = 0;
		};
/* End PBXFrameworksBuildPhase section */

/* Begin PBXGroup section */
		47C0B77428C90FF6001768AE = {
			isa = PBXGroup;
			children = (
				47C0B77F28C90FF6001768AE /* TrackingAppSwift */,
				47C0B77E28C90FF6001768AE /* Products */,
			);
			sourceTree = "<group>";
		};
		47C0B77E28C90FF6001768AE /* Products */ = {
			isa = PBXGroup;
			children = (
				47C0B77D28C90FF6001768AE /* TrackingAppSwift.app */,
			);
			name = Products;
			sourceTree = "<group>";
		};
		47C0B77F28C90FF6001768AE /* TrackingAppSwift */ = {
			isa = PBXGroup;
			children = (
				47C0B78028C90FF6001768AE /* TrackingAppSwiftApp.swift */,
				477067E428C934DE007AEF4A /* Tip.swift */,
				477067E628C93571007AEF4A /* TipsView.swift */,
				477067E228C92EBA007AEF4A /* WorldView.swift */,
				47C0B78228C90FF6001768AE /* ContentView.swift */,
				477067DE28C91DC0007AEF4A /* Location.swift */,
				477067E028C91E1A007AEF4A /* Locations.swift */,
				47C0B78428C90FFB001768AE /* Assets.xcassets */,
				47C0B78F28C9152C001768AE /* locations.json */,
				47C0B78E28C9152B001768AE /* tips.json */,
				47C0B78628C90FFB001768AE /* Preview Content */,
			);
			path = TrackingAppSwift;
			sourceTree = "<group>";
		};
		47C0B78628C90FFB001768AE /* Preview Content */ = {
			isa = PBXGroup;
			children = (
				47C0B78728C90FFB001768AE /* Preview Assets.xcassets */,
			);
			path = "Preview Content";
			sourceTree = "<group>";
		};
/* End PBXGroup section */

/* Begin PBXNativeTarget section */
		47C0B77C28C90FF6001768AE /* TrackingAppSwift */ = {
			isa = PBXNativeTarget;
			buildConfigurationList = 47C0B78B28C90FFB001768AE /* Build configuration list for PBXNativeTarget "TrackingAppSwift" */;
			buildPhases = (
				47C0B77928C90FF6001768AE /* Sources */,
				47C0B77A28C90FF6001768AE /* Frameworks */,
				47C0B77B28C90FF6001768AE /* Resources */,
			);
			buildRules = (
			);
			dependencies = (
			);
			name = TrackingAppSwift;
			productName = TrackingAppSwift;
			productReference = 47C0B77D28C90FF6001768AE /* TrackingAppSwift.app */;
			productType = "com.apple.product-type.application";
		};
/* End PBXNativeTarget section */

/* Begin PBXProject section */
		47C0B77528C90FF6001768AE /* Project object */ = {
			isa = PBXProject;
			attributes = {
				BuildIndependentTargetsInParallel = 1;
				LastSwiftUpdateCheck = 1340;
				LastUpgradeCheck = 1340;
				TargetAttributes = {
					47C0B77C28C90FF6001768AE = {
						CreatedOnToolsVersion = 13.4.1;
					};
				};
			};
			buildConfigurationList = 47C0B77828C90FF6001768AE /* Build configuration list for PBXProject "TrackingAppSwift" */;
			compatibilityVersion = "Xcode 13.0";
			developmentRegion = en;
			hasScannedForEncodings = 0;
			knownRegions = (
				en,
				Base,
			);
			mainGroup = 47C0B77428C90FF6001768AE;
			productRefGroup = 47C0B77E28C90FF6001768AE /* Products */;
			projectDirPath = "";
			projectRoot = "";
			targets = (
				47C0B77C28C90FF6001768AE /* TrackingAppSwift */,
			);
		};
/* End PBXProject section */

/* Begin PBXResourcesBuildPhase section */
		47C0B77B28C90FF6001768AE /* Resources */ = {
			isa = PBXResourcesBuildPhase;
			buildActionMask = 2147483647;
			files = (
				47C0B78828C90FFB001768AE /* Preview Assets.xcassets in Resources */,
				47C0B78528C90FFB001768AE /* Assets.xcassets in Resources */,
				47C0B79128C9152C001768AE /* locations.json in Resources */,
				47C0B79028C9152C001768AE /* tips.json in Resources */,
			);
			runOnlyForDeploymentPostprocessing = 0;
		};
/* End PBXResourcesBuildPhase section */

/* Begin PBXSourcesBuildPhase section */
		47C0B77928C90FF6001768AE /* Sources */ = {
			isa = PBXSourcesBuildPhase;
			buildActionMask = 2147483647;
			files = (
				47C0B78328C90FF6001768AE /* ContentView.swift in Sources */,
				477067DF28C91DC0007AEF4A /* Location.swift in Sources */,
				477067E328C92EBA007AEF4A /* WorldView.swift in Sources */,
				477067E528C934DE007AEF4A /* Tip.swift in Sources */,
				477067E728C93571007AEF4A /* TipsView.swift in Sources */,
				477067E128C91E1A007AEF4A /* Locations.swift in Sources */,
				47C0B78128C90FF6001768AE /* TrackingAppSwiftApp.swift in Sources */,
			);
			runOnlyForDeploymentPostprocessing = 0;
		};
/* End PBXSourcesBuildPhase section */

/* Begin XCBuildConfiguration section */
		47C0B78928C90FFB001768AE /* Debug */ = {
			isa = XCBuildConfiguration;
			buildSettings = {
				ALWAYS_SEARCH_USER_PATHS = NO;
				CLANG_ANALYZER_NONNULL = YES;
				CLANG_ANALYZER_NUMBER_OBJECT_CONVERSION = YES_AGGRESSIVE;
				CLANG_CXX_LANGUAGE_STANDARD = "gnu++17";
				CLANG_ENABLE_MODULES = YES;
				CLANG_ENABLE_OBJC_ARC = YES;
				CLANG_ENABLE_OBJC_WEAK = YES;
				CLANG_WARN_BLOCK_CAPTURE_AUTORELEASING = YES;
				CLANG_WARN_BOOL_CONVERSION = YES;
				CLANG_WARN_COMMA = YES;
				CLANG_WARN_CONSTANT_CONVERSION = YES;
				CLANG_WARN_DEPRECATED_OBJC_IMPLEMENTATIONS = YES;
				CLANG_WARN_DIRECT_OBJC_ISA_USAGE = YES_ERROR;
				CLANG_WARN_DOCUMENTATION_COMMENTS = YES;
				CLANG_WARN_EMPTY_BODY = YES;
				CLANG_WARN_ENUM_CONVERSION = YES;
				CLANG_WARN_INFINITE_RECURSION = YES;
				CLANG_WARN_INT_CONVERSION = YES;
				CLANG_WARN_NON_LITERAL_NULL_CONVERSION = YES;
				CLANG_WARN_OBJC_IMPLICIT_RETAIN_SELF = YES;
				CLANG_WARN_OBJC_LITERAL_CONVERSION = YES;
				CLANG_WARN_OBJC_ROOT_CLASS = YES_ERROR;
				CLANG_WARN_QUOTED_INCLUDE_IN_FRAMEWORK_HEADER = YES;
				CLANG_WARN_RANGE_LOOP_ANALYSIS = YES;
				CLANG_WARN_STRICT_PROTOTYPES = YES;
				CLANG_WARN_SUSPICIOUS_MOVE = YES;
				CLANG_WARN_UNGUARDED_AVAILABILITY = YES_AGGRESSIVE;
				CLANG_WARN_UNREACHABLE_CODE = YES;
				CLANG_WARN__DUPLICATE_METHOD_MATCH = YES;
				COPY_PHASE_STRIP = NO;
				DEBUG_INFORMATION_FORMAT = dwarf;
				ENABLE_STRICT_OBJC_MSGSEND = YES;
				ENABLE_TESTABILITY = YES;
				GCC_C_LANGUAGE_STANDARD = gnu11;
				GCC_DYNAMIC_NO_PIC = NO;
				GCC_NO_COMMON_BLOCKS = YES;
				GCC_OPTIMIZATION_LEVEL = 0;
				GCC_PREPROCESSOR_DEFINITIONS = (
					"DEBUG=1",
					"$(inherited)",
				);
				GCC_WARN_64_TO_32_BIT_CONVERSION = YES;
				GCC_WARN_ABOUT_RETURN_TYPE = YES_ERROR;
				GCC_WARN_UNDECLARED_SELECTOR = YES;
				GCC_WARN_UNINITIALIZED_AUTOS = YES_AGGRESSIVE;
				GCC_WARN_UNUSED_FUNCTION = YES;
				GCC_WARN_UNUSED_VARIABLE = YES;
				IPHONEOS_DEPLOYMENT_TARGET = 15.5;
				MTL_ENABLE_DEBUG_INFO = INCLUDE_SOURCE;
				MTL_FAST_MATH = YES;
				ONLY_ACTIVE_ARCH = YES;
				SDKROOT = iphoneos;
				SWIFT_ACTIVE_COMPILATION_CONDITIONS = DEBUG;
				SWIFT_OPTIMIZATION_LEVEL = "-Onone";
			};
			name = Debug;
		};
		47C0B78A28C90FFB001768AE /* Release */ = {
			isa = XCBuildConfiguration;
			buildSettings = {
				ALWAYS_SEARCH_USER_PATHS = NO;
				CLANG_ANALYZER_NONNULL = YES;
				CLANG_ANALYZER_NUMBER_OBJECT_CONVERSION = YES_AGGRESSIVE;
				CLANG_CXX_LANGUAGE_STANDARD = "gnu++17";
				CLANG_ENABLE_MODULES = YES;
				CLANG_ENABLE_OBJC_ARC = YES;
				CLANG_ENABLE_OBJC_WEAK = YES;
				CLANG_WARN_BLOCK_CAPTURE_AUTORELEASING = YES;
				CLANG_WARN_BOOL_CONVERSION = YES;
				CLANG_WARN_COMMA = YES;
				CLANG_WARN_CONSTANT_CONVERSION = YES;
				CLANG_WARN_DEPRECATED_OBJC_IMPLEMENTATIONS = YES;
				CLANG_WARN_DIRECT_OBJC_ISA_USAGE = YES_ERROR;
				CLANG_WARN_DOCUMENTATION_COMMENTS = YES;
				CLANG_WARN_EMPTY_BODY = YES;
				CLANG_WARN_ENUM_CONVERSION = YES;
				CLANG_WARN_INFINITE_RECURSION = YES;
				CLANG_WARN_INT_CONVERSION = YES;
				CLANG_WARN_NON_LITERAL_NULL_CONVERSION = YES;
				CLANG_WARN_OBJC_IMPLICIT_RETAIN_SELF = YES;
				CLANG_WARN_OBJC_LITERAL_CONVERSION = YES;
				CLANG_WARN_OBJC_ROOT_CLASS = YES_ERROR;
				CLANG_WARN_QUOTED_INCLUDE_IN_FRAMEWORK_HEADER = YES;
				CLANG_WARN_RANGE_LOOP_ANALYSIS = YES;
				CLANG_WARN_STRICT_PROTOTYPES = YES;
				CLANG_WARN_SUSPICIOUS_MOVE = YES;
				CLANG_WARN_UNGUARDED_AVAILABILITY = YES_AGGRESSIVE;
				CLANG_WARN_UNREACHABLE_CODE = YES;
				CLANG_WARN__DUPLICATE_METHOD_MATCH = YES;
				COPY_PHASE_STRIP = NO;
				DEBUG_INFORMATION_FORMAT = "dwarf-with-dsym";
				ENABLE_NS_ASSERTIONS = NO;
				ENABLE_STRICT_OBJC_MSGSEND = YES;
				GCC_C_LANGUAGE_STANDARD = gnu11;
				GCC_NO_COMMON_BLOCKS = YES;
				GCC_WARN_64_TO_32_BIT_CONVERSION = YES;
				GCC_WARN_ABOUT_RETURN_TYPE = YES_ERROR;
				GCC_WARN_UNDECLARED_SELECTOR = YES;
				GCC_WARN_UNINITIALIZED_AUTOS = YES_AGGRESSIVE;
				GCC_WARN_UNUSED_FUNCTION = YES;
				GCC_WARN_UNUSED_VARIABLE = YES;
				IPHONEOS_DEPLOYMENT_TARGET = 15.5;
				MTL_ENABLE_DEBUG_INFO = NO;
				MTL_FAST_MATH = YES;
				SDKROOT = iphoneos;
				SWIFT_COMPILATION_MODE = wholemodule;
				SWIFT_OPTIMIZATION_LEVEL = "-O";
				VALIDATE_PRODUCT = YES;
			};
			name = Release;
		};
		47C0B78C28C90FFB001768AE /* Debug */ = {
			isa = XCBuildConfiguration;
			buildSettings = {
				ASSETCATALOG_COMPILER_APPICON_NAME = AppIcon;
				ASSETCATALOG_COMPILER_GLOBAL_ACCENT_COLOR_NAME = AccentColor;
				CODE_SIGN_STYLE = Automatic;
				CURRENT_PROJECT_VERSION = 1;
				DEVELOPMENT_ASSET_PATHS = "\"TrackingAppSwift/Preview Content\"";
				DEVELOPMENT_TEAM = M44Y2CT4UB;
				ENABLE_PREVIEWS = YES;
				GENERATE_INFOPLIST_FILE = YES;
				INFOPLIST_KEY_UIApplicationSceneManifest_Generation = YES;
				INFOPLIST_KEY_UIApplicationSupportsIndirectInputEvents = YES;
				INFOPLIST_KEY_UILaunchScreen_Generation = YES;
				INFOPLIST_KEY_UISupportedInterfaceOrientations_iPad = "UIInterfaceOrientationPortrait UIInterfaceOrientationPortraitUpsideDown UIInterfaceOrientationLandscapeLeft UIInterfaceOrientationLandscapeRight";
				INFOPLIST_KEY_UISupportedInterfaceOrientations_iPhone = "UIInterfaceOrientationPortrait UIInterfaceOrientationLandscapeLeft UIInterfaceOrientationLandscapeRight";
				LD_RUNPATH_SEARCH_PATHS = (
					"$(inherited)",
					"@executable_path/Frameworks",
				);
				MARKETING_VERSION = 1.0;
				PRODUCT_BUNDLE_IDENTIFIER = com.hauhoang.TrackingAppSwift;
				PRODUCT_NAME = "$(TARGET_NAME)";
				SWIFT_EMIT_LOC_STRINGS = YES;
				SWIFT_VERSION = 5.0;
				TARGETED_DEVICE_FAMILY = "1,2";
			};
			name = Debug;
		};
		47C0B78D28C90FFB001768AE /* Release */ = {
			isa = XCBuildConfiguration;
			buildSettings = {
				ASSETCATALOG_COMPILER_APPICON_NAME = AppIcon;
				ASSETCATALOG_COMPILER_GLOBAL_ACCENT_COLOR_NAME = AccentColor;
				CODE_SIGN_STYLE = Automatic;
				CURRENT_PROJECT_VERSION = 1;
				DEVELOPMENT_ASSET_PATHS = "\"TrackingAppSwift/Preview Content\"";
				DEVELOPMENT_TEAM = M44Y2CT4UB;
				ENABLE_PREVIEWS = YES;
				GENERATE_INFOPLIST_FILE = YES;
				INFOPLIST_KEY_UIApplicationSceneManifest_Generation = YES;
				INFOPLIST_KEY_UIApplicationSupportsIndirectInputEvents = YES;
				INFOPLIST_KEY_UILaunchScreen_Generation = YES;
				INFOPLIST_KEY_UISupportedInterfaceOrientations_iPad = "UIInterfaceOrientationPortrait UIInterfaceOrientationPortraitUpsideDown UIInterfaceOrientationLandscapeLeft UIInterfaceOrientationLandscapeRight";
				INFOPLIST_KEY_UISupportedInterfaceOrientations_iPhone = "UIInterfaceOrientationPortrait UIInterfaceOrientationLandscapeLeft UIInterfaceOrientationLandscapeRight";
				LD_RUNPATH_SEARCH_PATHS = (
					"$(inherited)",
					"@executable_path/Frameworks",
				);
				MARKETING_VERSION = 1.0;
				PRODUCT_BUNDLE_IDENTIFIER = com.hauhoang.TrackingAppSwift;
				PRODUCT_NAME = "$(TARGET_NAME)";
				SWIFT_EMIT_LOC_STRINGS = YES;
				SWIFT_VERSION = 5.0;
				TARGETED_DEVICE_FAMILY = "1,2";
			};
			name = Release;
		};
/* End XCBuildConfiguration section */

/* Begin XCConfigurationList section */
		47C0B77828C90FF6001768AE /* Build configuration list for PBXProject "TrackingAppSwift" */ = {
			isa = XCConfigurationList;
			buildConfigurations = (
				47C0B78928C90FFB001768AE /* Debug */,
				47C0B78A28C90FFB001768AE /* Release */,
			);
			defaultConfigurationIsVisible = 0;
			defaultConfigurationName = Release;
		};
		47C0B78B28C90FFB001768AE /* Build configuration list for PBXNativeTarget "TrackingAppSwift" */ = {
			isa = XCConfigurationList;
			buildConfigurations = (
				47C0B78C28C90FFB001768AE /* Debug */,
				47C0B78D28C90FFB001768AE /* Release */,
			);
			defaultConfigurationIsVisible = 0;
			defaultConfigurationName = Release;
		};
/* End XCConfigurationList section */
	};
	rootObject = 47C0B77528C90FF6001768AE /* Project object */;
}
